
Microsoft Visual Studio Solution File, Format Version 12.00
# Visual Studio Version 16
VisualStudioVersion = 16.0.30517.126
MinimumVisualStudioVersion = 10.0.40219.1
Project("{FAE04EC0-301F-11D3-BF4B-00C04F79EFBC}") = "ProductReviewManagement", "ProductReviewManagement\ProductReviewManagement.csproj", "{F8026444-A3C7-41A0-B11D-D62C2880A166}"
EndProject
Global
	GlobalSection(SolutionConfigurationPlatforms) = preSolution
		Debug|Any CPU = Debug|Any CPU
		Release|Any CPU = Release|Any CPU
	EndGlobalSection
	GlobalSection(ProjectConfigurationPlatforms) = postSolution
		{F8026444-A3C7-41A0-B11D-D62C2880A166}.Debug|Any CPU.ActiveCfg = Debug|Any CPU
		{F8026444-A3C7-41A0-B11D-D62C2880A166}.Debug|Any CPU.Build.0 = Debug|Any CPU
		{F8026444-A3C7-41A0-B11D-D62C2880A166}.Release|Any CPU.ActiveCfg = Release|Any CPU
		{F8026444-A3C7-41A0-B11D-D62C2880A166}.Release|Any CPU.Build.0 = Release|Any CPU
	EndGlobalSection
	GlobalSection(SolutionProperties) = preSolution
		HideSolutionNode = FALSE
	EndGlobalSection
	GlobalSection(ExtensibilityGlobals) = postSolution
		SolutionGuid = {CAD6112E-23AA-4884-BB6B-A0668BB7DB0A}
	EndGlobalSection
EndGlobal
